{
  "name": "project-structure",
  "version": "1.0.0",
  "lockfileVersion": 1,
  "requires": true,
  "dependencies": {
    "directory-tree": {
      "version": "2.2.4",
      "resolved": "http://npm.rocket.feed.sogou/directory-tree/-/directory-tree-2.2.4.tgz",
      "integrity": "sha1-bVvX2C5IN44lah6HtnikPFAHbi4=",
      "dev": true
    },
    "fs-extra": {
      "version": "8.1.0",
      "resolved": "http://npm.rocket.feed.sogou/fs-extra/-/fs-extra-8.1.0.tgz",
      "integrity": "sha1-SdQ8RaiM2Wd2aMt74bRu/bjS4cA=",
      "dev": true,
      "requires": {
        "graceful-fs": "^4.2.0",
        "jsonfile": "^4.0.0",
        "universalify": "^0.1.0"
      }
    },
    "graceful-fs": {
      "version": "4.2.3",
      "resolved": "http://npm.rocket.feed.sogou/graceful-fs/-/graceful-fs-4.2.3.tgz",
      "integrity": "sha1-ShL/G2A3bvCYYsIJPt2Qgyi+hCM=",
      "dev": true
    },
    "jsonfile": {
      "version": "4.0.0",
      "resolved": "http://npm.rocket.feed.sogou/jsonfile/-/jsonfile-4.0.0.tgz",
      "integrity": "sha1-h3Gq4HmbZAdrdmQPygWPnBDjPss=",
      "dev": true,
      "requires": {
        "graceful-fs": "^4.1.6"
      }
    },
    "universalify": {
      "version": "0.1.2",
      "resolved": "http://npm.rocket.feed.sogou/universalify/-/universalify-0.1.2.tgz",
      "integrity": "sha1-tkb2m+OULavOzJ1mOcgNwQXvqmY=",
      "dev": true
    }
  }
}
